// !$*UTF8*$!
{
	archiveVersion = 1;
	classes = {
	};
	objectVersion = 56;
	objects = {

/* Begin PBXBuildFile section */
		8935010729C80EAF004CF211 /* ExploreView.swift in Sources */ = {isa = PBXBuildFile; fileRef = 8935010629C80EAF004CF211 /* ExploreView.swift */; };
		8935010A29C80EFA004CF211 /* MessagesView.swift in Sources */ = {isa = PBXBuildFile; fileRef = 8935010929C80EFA004CF211 /* MessagesView.swift */; };
		8935010C29C80F08004CF211 /* NotificationsView.swift in Sources */ = {isa = PBXBuildFile; fileRef = 8935010B29C80F08004CF211 /* NotificationsView.swift */; };
		8935011229C81882004CF211 /* ProfileView.swift in Sources */ = {isa = PBXBuildFile; fileRef = 8935011129C81882004CF211 /* ProfileView.swift */; };
		8946E28729C9890B00BFE850 /* UserRowView.swift in Sources */ = {isa = PBXBuildFile; fileRef = 8946E28629C9890B00BFE850 /* UserRowView.swift */; };
		8946E28D29C9E1E600BFE850 /* SideMenuView.swift in Sources */ = {isa = PBXBuildFile; fileRef = 8946E28C29C9E1E600BFE850 /* SideMenuView.swift */; };
		8946E28F29C9E1F300BFE850 /* SideMenuRowView.swift in Sources */ = {isa = PBXBuildFile; fileRef = 8946E28E29C9E1F300BFE850 /* SideMenuRowView.swift */; };
		8946E29129C9E20100BFE850 /* SideMenuViewModel.swift in Sources */ = {isa = PBXBuildFile; fileRef = 8946E29029C9E20100BFE850 /* SideMenuViewModel.swift */; };
		8946E29329CAC6BF00BFE850 /* UserStatsView.swift in Sources */ = {isa = PBXBuildFile; fileRef = 8946E29229CAC6BF00BFE850 /* UserStatsView.swift */; };
		8946E29529CACBE400BFE850 /* ContentView.swift in Sources */ = {isa = PBXBuildFile; fileRef = 8946E29429CACBE400BFE850 /* ContentView.swift */; };
		8969D33429C8BDF600719396 /* TweetFilterViewModel.swift in Sources */ = {isa = PBXBuildFile; fileRef = 8969D33329C8BDF600719396 /* TweetFilterViewModel.swift */; };
		897AFE4629C75889002EA468 /* Twitter_CloneApp.swift in Sources */ = {isa = PBXBuildFile; fileRef = 897AFE4529C75889002EA468 /* Twitter_CloneApp.swift */; };
		897AFE4A29C75889002EA468 /* Assets.xcassets in Resources */ = {isa = PBXBuildFile; fileRef = 897AFE4929C75889002EA468 /* Assets.xcassets */; };
		897AFE4D29C75889002EA468 /* Preview Assets.xcassets in Resources */ = {isa = PBXBuildFile; fileRef = 897AFE4C29C75889002EA468 /* Preview Assets.xcassets */; };
		897AFE5F29C759AA002EA468 /* FeedView.swift in Sources */ = {isa = PBXBuildFile; fileRef = 897AFE5E29C759AA002EA468 /* FeedView.swift */; };
		897AFE6229C75AF4002EA468 /* TweetsRowView.swift in Sources */ = {isa = PBXBuildFile; fileRef = 897AFE6129C75AF4002EA468 /* TweetsRowView.swift */; };
		897AFE6529C763B2002EA468 /* MainTabView.swift in Sources */ = {isa = PBXBuildFile; fileRef = 897AFE6429C763B2002EA468 /* MainTabView.swift */; };
/* End PBXBuildFile section */

/* Begin PBXFileReference section */
		8935010629C80EAF004CF211 /* ExploreView.swift */ = {isa = PBXFileReference; lastKnownFileType = sourcecode.swift; path = ExploreView.swift; sourceTree = "<group>"; };
		8935010929C80EFA004CF211 /* MessagesView.swift */ = {isa = PBXFileReference; lastKnownFileType = sourcecode.swift; path = MessagesView.swift; sourceTree = "<group>"; };
		8935010B29C80F08004CF211 /* NotificationsView.swift */ = {isa = PBXFileReference; lastKnownFileType = sourcecode.swift; path = NotificationsView.swift; sourceTree = "<group>"; };
		8935011129C81882004CF211 /* ProfileView.swift */ = {isa = PBXFileReference; lastKnownFileType = sourcecode.swift; path = ProfileView.swift; sourceTree = "<group>"; };
		8946E28629C9890B00BFE850 /* UserRowView.swift */ = {isa = PBXFileReference; lastKnownFileType = sourcecode.swift; path = UserRowView.swift; sourceTree = "<group>"; };
		8946E28C29C9E1E600BFE850 /* SideMenuView.swift */ = {isa = PBXFileReference; lastKnownFileType = sourcecode.swift; path = SideMenuView.swift; sourceTree = "<group>"; };
		8946E28E29C9E1F300BFE850 /* SideMenuRowView.swift */ = {isa = PBXFileReference; lastKnownFileType = sourcecode.swift; path = SideMenuRowView.swift; sourceTree = "<group>"; };
		8946E29029C9E20100BFE850 /* SideMenuViewModel.swift */ = {isa = PBXFileReference; lastKnownFileType = sourcecode.swift; path = SideMenuViewModel.swift; sourceTree = "<group>"; };
		8946E29229CAC6BF00BFE850 /* UserStatsView.swift */ = {isa = PBXFileReference; lastKnownFileType = sourcecode.swift; path = UserStatsView.swift; sourceTree = "<group>"; };
		8946E29429CACBE400BFE850 /* ContentView.swift */ = {isa = PBXFileReference; lastKnownFileType = sourcecode.swift; path = ContentView.swift; sourceTree = "<group>"; };
		8969D33329C8BDF600719396 /* TweetFilterViewModel.swift */ = {isa = PBXFileReference; lastKnownFileType = sourcecode.swift; path = TweetFilterViewModel.swift; sourceTree = "<group>"; };
		897AFE4229C75889002EA468 /* Twitter Clone.app */ = {isa = PBXFileReference; explicitFileType = wrapper.application; includeInIndex = 0; path = "Twitter Clone.app"; sourceTree = BUILT_PRODUCTS_DIR; };
		897AFE4529C75889002EA468 /* Twitter_CloneApp.swift */ = {isa = PBXFileReference; lastKnownFileType = sourcecode.swift; path = Twitter_CloneApp.swift; sourceTree = "<group>"; };
		897AFE4929C75889002EA468 /* Assets.xcassets */ = {isa = PBXFileReference; lastKnownFileType = folder.assetcatalog; path = Assets.xcassets; sourceTree = "<group>"; };
		897AFE4C29C75889002EA468 /* Preview Assets.xcassets */ = {isa = PBXFileReference; lastKnownFileType = folder.assetcatalog; path = "Preview Assets.xcassets"; sourceTree = "<group>"; };
		897AFE5E29C759AA002EA468 /* FeedView.swift */ = {isa = PBXFileReference; lastKnownFileType = sourcecode.swift; path = FeedView.swift; sourceTree = "<group>"; };
		897AFE6129C75AF4002EA468 /* TweetsRowView.swift */ = {isa = PBXFileReference; lastKnownFileType = sourcecode.swift; path = TweetsRowView.swift; sourceTree = "<group>"; };
		897AFE6429C763B2002EA468 /* MainTabView.swift */ = {isa = PBXFileReference; lastKnownFileType = sourcecode.swift; path = MainTabView.swift; sourceTree = "<group>"; };
/* End PBXFileReference section */

/* Begin PBXFrameworksBuildPhase section */
		897AFE3F29C75889002EA468 /* Frameworks */ = {
			isa = PBXFrameworksBuildPhase;
			buildActionMask = 2147483647;
			files = (
			);
			runOnlyForDeploymentPostprocessing = 0;
		};
/* End PBXFrameworksBuildPhase section */

/* Begin PBXGroup section */
		8935010129C80E2E004CF211 /* Explore */ = {
			isa = PBXGroup;
			children = (
				8946E28429C988C500BFE850 /* View */,
				8946E28329C988C400BFE850 /* ViewModel */,
			);
			path = Explore;
			sourceTree = "<group>";
		};
		8935010329C80E3C004CF211 /* Profile */ = {
			isa = PBXGroup;
			children = (
				8935011029C81869004CF211 /* Views */,
				8935010F29C8185D004CF211 /* ViewModels */,
			);
			path = Profile;
			sourceTree = "<group>";
		};
		8935010429C80E40004CF211 /* Notifications */ = {
			isa = PBXGroup;
			children = (
				8935010B29C80F08004CF211 /* NotificationsView.swift */,
			);
			path = Notifications;
			sourceTree = "<group>";
		};
		8935010529C80E42004CF211 /* Messages */ = {
			isa = PBXGroup;
			children = (
				8935010929C80EFA004CF211 /* MessagesView.swift */,
			);
			path = Messages;
			sourceTree = "<group>";
		};
		8935010F29C8185D004CF211 /* ViewModels */ = {
			isa = PBXGroup;
			children = (
				8969D33329C8BDF600719396 /* TweetFilterViewModel.swift */,
			);
			path = ViewModels;
			sourceTree = "<group>";
		};
		8935011029C81869004CF211 /* Views */ = {
			isa = PBXGroup;
			children = (
				8935011129C81882004CF211 /* ProfileView.swift */,
			);
			path = Views;
			sourceTree = "<group>";
		};
		8946E28329C988C400BFE850 /* ViewModel */ = {
			isa = PBXGroup;
			children = (
			);
			path = ViewModel;
			sourceTree = "<group>";
		};
		8946E28429C988C500BFE850 /* View */ = {
			isa = PBXGroup;
			children = (
				8935010629C80EAF004CF211 /* ExploreView.swift */,
			);
			path = View;
			sourceTree = "<group>";
		};
		8946E28529C988F600BFE850 /* User */ = {
			isa = PBXGroup;
			children = (
				8946E28629C9890B00BFE850 /* UserRowView.swift */,
				8946E29229CAC6BF00BFE850 /* UserStatsView.swift */,
			);
			path = User;
			sourceTree = "<group>";
		};
		8946E28829C9E1AA00BFE850 /* Side Menu */ = {
			isa = PBXGroup;
			children = (
				8946E28B29C9E1C300BFE850 /* View Models */,
				8946E28A29C9E1BD00BFE850 /* Views */,
			);
			path = "Side Menu";
			sourceTree = "<group>";
		};
		8946E28A29C9E1BD00BFE850 /* Views */ = {
			isa = PBXGroup;
			children = (
				8946E28C29C9E1E600BFE850 /* SideMenuView.swift */,
				8946E28E29C9E1F300BFE850 /* SideMenuRowView.swift */,
			);
			path = Views;
			sourceTree = "<group>";
		};
		8946E28B29C9E1C300BFE850 /* View Models */ = {
			isa = PBXGroup;
			children = (
				8946E29029C9E20100BFE850 /* SideMenuViewModel.swift */,
			);
			path = "View Models";
			sourceTree = "<group>";
		};
		897AFE3929C75889002EA468 = {
			isa = PBXGroup;
			children = (
				897AFE4429C75889002EA468 /* Twitter Clone */,
				897AFE4329C75889002EA468 /* Products */,
			);
			sourceTree = "<group>";
		};
		897AFE4329C75889002EA468 /* Products */ = {
			isa = PBXGroup;
			children = (
				897AFE4229C75889002EA468 /* Twitter Clone.app */,
			);
			name = Products;
			sourceTree = "<group>";
		};
		897AFE4429C75889002EA468 /* Twitter Clone */ = {
			isa = PBXGroup;
			children = (
				897AFE5329C758AD002EA468 /* Extensions */,
				897AFE5529C758BC002EA468 /* Service */,
				897AFE5429C758BA002EA468 /* Model */,
				897AFE5629C758BD002EA468 /* Core */,
				897AFE4529C75889002EA468 /* Twitter_CloneApp.swift */,
				897AFE4929C75889002EA468 /* Assets.xcassets */,
				897AFE4B29C75889002EA468 /* Preview Content */,
				8946E29429CACBE400BFE850 /* ContentView.swift */,
			);
			path = "Twitter Clone";
			sourceTree = "<group>";
		};
		897AFE4B29C75889002EA468 /* Preview Content */ = {
			isa = PBXGroup;
			children = (
				897AFE4C29C75889002EA468 /* Preview Assets.xcassets */,
			);
			path = "Preview Content";
			sourceTree = "<group>";
		};
		897AFE5329C758AD002EA468 /* Extensions */ = {
			isa = PBXGroup;
			children = (
			);
			path = Extensions;
			sourceTree = "<group>";
		};
		897AFE5429C758BA002EA468 /* Model */ = {
			isa = PBXGroup;
			children = (
			);
			path = Model;
			sourceTree = "<group>";
		};
		897AFE5529C758BC002EA468 /* Service */ = {
			isa = PBXGroup;
			children = (
			);
			path = Service;
			sourceTree = "<group>";
		};
		897AFE5629C758BD002EA468 /* Core */ = {
			isa = PBXGroup;
			children = (
				8946E28829C9E1AA00BFE850 /* Side Menu */,
				8935010529C80E42004CF211 /* Messages */,
				8935010429C80E40004CF211 /* Notifications */,
				8935010329C80E3C004CF211 /* Profile */,
				8935010129C80E2E004CF211 /* Explore */,
				897AFE6329C76389002EA468 /* MainTab */,
				897AFE5929C758EE002EA468 /* Feed */,
				897AFE5729C758D3002EA468 /* Component */,
			);
			path = Core;
			sourceTree = "<group>";
		};
		897AFE5729C758D3002EA468 /* Component */ = {
			isa = PBXGroup;
			children = (
				8946E28529C988F600BFE850 /* User */,
				897AFE6029C75AD1002EA468 /* Tweets */,
			);
			path = Component;
			sourceTree = "<group>";
		};
		897AFE5929C758EE002EA468 /* Feed */ = {
			isa = PBXGroup;
			children = (
				897AFE5B29C75943002EA468 /* View */,
				897AFE5A29C75938002EA468 /* View Models */,
			);
			path = Feed;
			sourceTree = "<group>";
		};
		897AFE5A29C75938002EA468 /* View Models */ = {
			isa = PBXGroup;
			children = (
			);
			path = "View Models";
			sourceTree = "<group>";
		};
		897AFE5B29C75943002EA468 /* View */ = {
			isa = PBXGroup;
			children = (
				897AFE5E29C759AA002EA468 /* FeedView.swift */,
			);
			path = View;
			sourceTree = "<group>";
		};
		897AFE6029C75AD1002EA468 /* Tweets */ = {
			isa = PBXGroup;
			children = (
				897AFE6129C75AF4002EA468 /* TweetsRowView.swift */,
			);
			path = Tweets;
			sourceTree = "<group>";
		};
		897AFE6329C76389002EA468 /* MainTab */ = {
			isa = PBXGroup;
			children = (
				897AFE6429C763B2002EA468 /* MainTabView.swift */,
			);
			path = MainTab;
			sourceTree = "<group>";
		};
/* End PBXGroup section */

/* Begin PBXNativeTarget section */
		897AFE4129C75889002EA468 /* Twitter Clone */ = {
			isa = PBXNativeTarget;
			buildConfigurationList = 897AFE5029C75889002EA468 /* Build configuration list for PBXNativeTarget "Twitter Clone" */;
			buildPhases = (
				897AFE3E29C75889002EA468 /* Sources */,
				897AFE3F29C75889002EA468 /* Frameworks */,
				897AFE4029C75889002EA468 /* Resources */,
			);
			buildRules = (
			);
			dependencies = (
			);
			name = "Twitter Clone";
			productName = "Twitter Clone";
			productReference = 897AFE4229C75889002EA468 /* Twitter Clone.app */;
			productType = "com.apple.product-type.application";
		};
/* End PBXNativeTarget section */

/* Begin PBXProject section */
		897AFE3A29C75889002EA468 /* Project object */ = {
			isa = PBXProject;
			attributes = {
				BuildIndependentTargetsInParallel = 1;
				LastSwiftUpdateCheck = 1420;
				LastUpgradeCheck = 1420;
				TargetAttributes = {
					897AFE4129C75889002EA468 = {
						CreatedOnToolsVersion = 14.2;
					};
				};
			};
			buildConfigurationList = 897AFE3D29C75889002EA468 /* Build configuration list for PBXProject "Twitter Clone" */;
			compatibilityVersion = "Xcode 14.0";
			developmentRegion = en;
			hasScannedForEncodings = 0;
			knownRegions = (
				en,
				Base,
			);
			mainGroup = 897AFE3929C75889002EA468;
			productRefGroup = 897AFE4329C75889002EA468 /* Products */;
			projectDirPath = "";
			projectRoot = "";
			targets = (
				897AFE4129C75889002EA468 /* Twitter Clone */,
			);
		};
/* End PBXProject section */

/* Begin PBXResourcesBuildPhase section */
		897AFE4029C75889002EA468 /* Resources */ = {
			isa = PBXResourcesBuildPhase;
			buildActionMask = 2147483647;
			files = (
				897AFE4D29C75889002EA468 /* Preview Assets.xcassets in Resources */,
				897AFE4A29C75889002EA468 /* Assets.xcassets in Resources */,
			);
			runOnlyForDeploymentPostprocessing = 0;
		};
/* End PBXResourcesBuildPhase section */

/* Begin PBXSourcesBuildPhase section */
		897AFE3E29C75889002EA468 /* Sources */ = {
			isa = PBXSourcesBuildPhase;
			buildActionMask = 2147483647;
			files = (
				8935011229C81882004CF211 /* ProfileView.swift in Sources */,
				897AFE6229C75AF4002EA468 /* TweetsRowView.swift in Sources */,
				897AFE5F29C759AA002EA468 /* FeedView.swift in Sources */,
				897AFE4629C75889002EA468 /* Twitter_CloneApp.swift in Sources */,
				8946E28D29C9E1E600BFE850 /* SideMenuView.swift in Sources */,
				8946E28F29C9E1F300BFE850 /* SideMenuRowView.swift in Sources */,
				8935010A29C80EFA004CF211 /* MessagesView.swift in Sources */,
				8946E29329CAC6BF00BFE850 /* UserStatsView.swift in Sources */,
				8935010729C80EAF004CF211 /* ExploreView.swift in Sources */,
				8946E29129C9E20100BFE850 /* SideMenuViewModel.swift in Sources */,
				8946E28729C9890B00BFE850 /* UserRowView.swift in Sources */,
				8946E29529CACBE400BFE850 /* ContentView.swift in Sources */,
				8969D33429C8BDF600719396 /* TweetFilterViewModel.swift in Sources */,
				897AFE6529C763B2002EA468 /* MainTabView.swift in Sources */,
				8935010C29C80F08004CF211 /* NotificationsView.swift in Sources */,
			);
			runOnlyForDeploymentPostprocessing = 0;
		};
/* End PBXSourcesBuildPhase section */

/* Begin XCBuildConfiguration section */
		897AFE4E29C75889002EA468 /* Debug */ = {
			isa = XCBuildConfiguration;
			buildSettings = {
				ALWAYS_SEARCH_USER_PATHS = NO;
				CLANG_ANALYZER_NONNULL = YES;
				CLANG_ANALYZER_NUMBER_OBJECT_CONVERSION = YES_AGGRESSIVE;
				CLANG_CXX_LANGUAGE_STANDARD = "gnu++20";
				CLANG_ENABLE_MODULES = YES;
				CLANG_ENABLE_OBJC_ARC = YES;
				CLANG_ENABLE_OBJC_WEAK = YES;
				CLANG_WARN_BLOCK_CAPTURE_AUTORELEASING = YES;
				CLANG_WARN_BOOL_CONVERSION = YES;
				CLANG_WARN_COMMA = YES;
				CLANG_WARN_CONSTANT_CONVERSION = YES;
				CLANG_WARN_DEPRECATED_OBJC_IMPLEMENTATIONS = YES;
				CLANG_WARN_DIRECT_OBJC_ISA_USAGE = YES_ERROR;
				CLANG_WARN_DOCUMENTATION_COMMENTS = YES;
				CLANG_WARN_EMPTY_BODY = YES;
				CLANG_WARN_ENUM_CONVERSION = YES;
				CLANG_WARN_INFINITE_RECURSION = YES;
				CLANG_WARN_INT_CONVERSION = YES;
				CLANG_WARN_NON_LITERAL_NULL_CONVERSION = YES;
				CLANG_WARN_OBJC_IMPLICIT_RETAIN_SELF = YES;
				CLANG_WARN_OBJC_LITERAL_CONVERSION = YES;
				CLANG_WARN_OBJC_ROOT_CLASS = YES_ERROR;
				CLANG_WARN_QUOTED_INCLUDE_IN_FRAMEWORK_HEADER = YES;
				CLANG_WARN_RANGE_LOOP_ANALYSIS = YES;
				CLANG_WARN_STRICT_PROTOTYPES = YES;
				CLANG_WARN_SUSPICIOUS_MOVE = YES;
				CLANG_WARN_UNGUARDED_AVAILABILITY = YES_AGGRESSIVE;
				CLANG_WARN_UNREACHABLE_CODE = YES;
				CLANG_WARN__DUPLICATE_METHOD_MATCH = YES;
				COPY_PHASE_STRIP = NO;
				DEBUG_INFORMATION_FORMAT = dwarf;
				ENABLE_STRICT_OBJC_MSGSEND = YES;
				ENABLE_TESTABILITY = YES;
				GCC_C_LANGUAGE_STANDARD = gnu11;
				GCC_DYNAMIC_NO_PIC = NO;
				GCC_NO_COMMON_BLOCKS = YES;
				GCC_OPTIMIZATION_LEVEL = 0;
				GCC_PREPROCESSOR_DEFINITIONS = (
					"DEBUG=1",
					"$(inherited)",
				);
				GCC_WARN_64_TO_32_BIT_CONVERSION = YES;
				GCC_WARN_ABOUT_RETURN_TYPE = YES_ERROR;
				GCC_WARN_UNDECLARED_SELECTOR = YES;
				GCC_WARN_UNINITIALIZED_AUTOS = YES_AGGRESSIVE;
				GCC_WARN_UNUSED_FUNCTION = YES;
				GCC_WARN_UNUSED_VARIABLE = YES;
				IPHONEOS_DEPLOYMENT_TARGET = 16.2;
				MTL_ENABLE_DEBUG_INFO = INCLUDE_SOURCE;
				MTL_FAST_MATH = YES;
				ONLY_ACTIVE_ARCH = YES;
				SDKROOT = iphoneos;
				SWIFT_ACTIVE_COMPILATION_CONDITIONS = DEBUG;
				SWIFT_OPTIMIZATION_LEVEL = "-Onone";
			};
			name = Debug;
		};
		897AFE4F29C75889002EA468 /* Release */ = {
			isa = XCBuildConfiguration;
			buildSettings = {
				ALWAYS_SEARCH_USER_PATHS = NO;
				CLANG_ANALYZER_NONNULL = YES;
				CLANG_ANALYZER_NUMBER_OBJECT_CONVERSION = YES_AGGRESSIVE;
				CLANG_CXX_LANGUAGE_STANDARD = "gnu++20";
				CLANG_ENABLE_MODULES = YES;
				CLANG_ENABLE_OBJC_ARC = YES;
				CLANG_ENABLE_OBJC_WEAK = YES;
				CLANG_WARN_BLOCK_CAPTURE_AUTORELEASING = YES;
				CLANG_WARN_BOOL_CONVERSION = YES;
				CLANG_WARN_COMMA = YES;
				CLANG_WARN_CONSTANT_CONVERSION = YES;
				CLANG_WARN_DEPRECATED_OBJC_IMPLEMENTATIONS = YES;
				CLANG_WARN_DIRECT_OBJC_ISA_USAGE = YES_ERROR;
				CLANG_WARN_DOCUMENTATION_COMMENTS = YES;
				CLANG_WARN_EMPTY_BODY = YES;
				CLANG_WARN_ENUM_CONVERSION = YES;
				CLANG_WARN_INFINITE_RECURSION = YES;
				CLANG_WARN_INT_CONVERSION = YES;
				CLANG_WARN_NON_LITERAL_NULL_CONVERSION = YES;
				CLANG_WARN_OBJC_IMPLICIT_RETAIN_SELF = YES;
				CLANG_WARN_OBJC_LITERAL_CONVERSION = YES;
				CLANG_WARN_OBJC_ROOT_CLASS = YES_ERROR;
				CLANG_WARN_QUOTED_INCLUDE_IN_FRAMEWORK_HEADER = YES;
				CLANG_WARN_RANGE_LOOP_ANALYSIS = YES;
				CLANG_WARN_STRICT_PROTOTYPES = YES;
				CLANG_WARN_SUSPICIOUS_MOVE = YES;
				CLANG_WARN_UNGUARDED_AVAILABILITY = YES_AGGRESSIVE;
				CLANG_WARN_UNREACHABLE_CODE = YES;
				CLANG_WARN__DUPLICATE_METHOD_MATCH = YES;
				COPY_PHASE_STRIP = NO;
				DEBUG_INFORMATION_FORMAT = "dwarf-with-dsym";
				ENABLE_NS_ASSERTIONS = NO;
				ENABLE_STRICT_OBJC_MSGSEND = YES;
				GCC_C_LANGUAGE_STANDARD = gnu11;
				GCC_NO_COMMON_BLOCKS = YES;
				GCC_WARN_64_TO_32_BIT_CONVERSION = YES;
				GCC_WARN_ABOUT_RETURN_TYPE = YES_ERROR;
				GCC_WARN_UNDECLARED_SELECTOR = YES;
				GCC_WARN_UNINITIALIZED_AUTOS = YES_AGGRESSIVE;
				GCC_WARN_UNUSED_FUNCTION = YES;
				GCC_WARN_UNUSED_VARIABLE = YES;
				IPHONEOS_DEPLOYMENT_TARGET = 16.2;
				MTL_ENABLE_DEBUG_INFO = NO;
				MTL_FAST_MATH = YES;
				SDKROOT = iphoneos;
				SWIFT_COMPILATION_MODE = wholemodule;
				SWIFT_OPTIMIZATION_LEVEL = "-O";
				VALIDATE_PRODUCT = YES;
			};
			name = Release;
		};
		897AFE5129C75889002EA468 /* Debug */ = {
			isa = XCBuildConfiguration;
			buildSettings = {
				ASSETCATALOG_COMPILER_APPICON_NAME = AppIcon;
				ASSETCATALOG_COMPILER_GLOBAL_ACCENT_COLOR_NAME = AccentColor;
				CODE_SIGN_STYLE = Automatic;
				CURRENT_PROJECT_VERSION = 1;
				DEVELOPMENT_ASSET_PATHS = "\"Twitter Clone/Preview Content\"";
				ENABLE_PREVIEWS = YES;
				GENERATE_INFOPLIST_FILE = YES;
				INFOPLIST_KEY_UIApplicationSceneManifest_Generation = YES;
				INFOPLIST_KEY_UIApplicationSupportsIndirectInputEvents = YES;
				INFOPLIST_KEY_UILaunchScreen_Generation = YES;
				INFOPLIST_KEY_UISupportedInterfaceOrientations_iPad = "UIInterfaceOrientationPortrait UIInterfaceOrientationPortraitUpsideDown UIInterfaceOrientationLandscapeLeft UIInterfaceOrientationLandscapeRight";
				INFOPLIST_KEY_UISupportedInterfaceOrientations_iPhone = "UIInterfaceOrientationPortrait UIInterfaceOrientationLandscapeLeft UIInterfaceOrientationLandscapeRight";
				LD_RUNPATH_SEARCH_PATHS = (
					"$(inherited)",
					"@executable_path/Frameworks",
				);
				MARKETING_VERSION = 1.0;
				PRODUCT_BUNDLE_IDENTIFIER = "com.vasan.Twitter-Clone";
				PRODUCT_NAME = "$(TARGET_NAME)";
				SWIFT_EMIT_LOC_STRINGS = YES;
				SWIFT_VERSION = 5.0;
				TARGETED_DEVICE_FAMILY = "1,2";
			};
			name = Debug;
		};
		897AFE5229C75889002EA468 /* Release */ = {
			isa = XCBuildConfiguration;
			buildSettings = {
				ASSETCATALOG_COMPILER_APPICON_NAME = AppIcon;
				ASSETCATALOG_COMPILER_GLOBAL_ACCENT_COLOR_NAME = AccentColor;
				CODE_SIGN_STYLE = Automatic;
				CURRENT_PROJECT_VERSION = 1;
				DEVELOPMENT_ASSET_PATHS = "\"Twitter Clone/Preview Content\"";
				ENABLE_PREVIEWS = YES;
				GENERATE_INFOPLIST_FILE = YES;
				INFOPLIST_KEY_UIApplicationSceneManifest_Generation = YES;
				INFOPLIST_KEY_UIApplicationSupportsIndirectInputEvents = YES;
				INFOPLIST_KEY_UILaunchScreen_Generation = YES;
				INFOPLIST_KEY_UISupportedInterfaceOrientations_iPad = "UIInterfaceOrientationPortrait UIInterfaceOrientationPortraitUpsideDown UIInterfaceOrientationLandscapeLeft UIInterfaceOrientationLandscapeRight";
				INFOPLIST_KEY_UISupportedInterfaceOrientations_iPhone = "UIInterfaceOrientationPortrait UIInterfaceOrientationLandscapeLeft UIInterfaceOrientationLandscapeRight";
				LD_RUNPATH_SEARCH_PATHS = (
					"$(inherited)",
					"@executable_path/Frameworks",
				);
				MARKETING_VERSION = 1.0;
				PRODUCT_BUNDLE_IDENTIFIER = "com.vasan.Twitter-Clone";
				PRODUCT_NAME = "$(TARGET_NAME)";
				SWIFT_EMIT_LOC_STRINGS = YES;
				SWIFT_VERSION = 5.0;
				TARGETED_DEVICE_FAMILY = "1,2";
			};
			name = Release;
		};
/* End XCBuildConfiguration section */

/* Begin XCConfigurationList section */
		897AFE3D29C75889002EA468 /* Build configuration list for PBXProject "Twitter Clone" */ = {
			isa = XCConfigurationList;
			buildConfigurations = (
				897AFE4E29C75889002EA468 /* Debug */,
				897AFE4F29C75889002EA468 /* Release */,
			);
			defaultConfigurationIsVisible = 0;
			defaultConfigurationName = Release;
		};
		897AFE5029C75889002EA468 /* Build configuration list for PBXNativeTarget "Twitter Clone" */ = {
			isa = XCConfigurationList;
			buildConfigurations = (
				897AFE5129C75889002EA468 /* Debug */,
				897AFE5229C75889002EA468 /* Release */,
			);
			defaultConfigurationIsVisible = 0;
			defaultConfigurationName = Release;
		};
/* End XCConfigurationList section */
	};
	rootObject = 897AFE3A29C75889002EA468 /* Project object */;
}
